// !$*UTF8*$!
{
	archiveVersion = 1;
	classes = {
	};
	objectVersion = 56;
	objects = {

/* Begin PBXBuildFile section */
		91901CFF2AF953BE00EE76E1 /* SimplePhotosApp.swift in Sources */ = {isa = PBXBuildFile; fileRef = 91901CFE2AF953BE00EE76E1 /* SimplePhotosApp.swift */; };
		91901D012AF953BE00EE76E1 /* ContentView.swift in Sources */ = {isa = PBXBuildFile; fileRef = 91901D002AF953BE00EE76E1 /* ContentView.swift */; };
		91901D032AF953C000EE76E1 /* Assets.xcassets in Resources */ = {isa = PBXBuildFile; fileRef = 91901D022AF953C000EE76E1 /* Assets.xcassets */; };
		91901D062AF953C000EE76E1 /* Preview Assets.xcassets in Resources */ = {isa = PBXBuildFile; fileRef = 91901D052AF953C000EE76E1 /* Preview Assets.xcassets */; };
		91901D0E2AFAA5BD00EE76E1 /* Photo.swift in Sources */ = {isa = PBXBuildFile; fileRef = 91901D0D2AFAA5BD00EE76E1 /* Photo.swift */; };
		91901D102AFAA65500EE76E1 /* ApiCall.swift in Sources */ = {isa = PBXBuildFile; fileRef = 91901D0F2AFAA65500EE76E1 /* ApiCall.swift */; };
		919280062AFAB0E100EE3FD7 /* PhotoView.swift in Sources */ = {isa = PBXBuildFile; fileRef = 919280052AFAB0E100EE3FD7 /* PhotoView.swift */; };
/* End PBXBuildFile section */

/* Begin PBXFileReference section */
		91901CFB2AF953BE00EE76E1 /* SimplePhotos.app */ = {isa = PBXFileReference; explicitFileType = wrapper.application; includeInIndex = 0; path = SimplePhotos.app; sourceTree = BUILT_PRODUCTS_DIR; };
		91901CFE2AF953BE00EE76E1 /* SimplePhotosApp.swift */ = {isa = PBXFileReference; lastKnownFileType = sourcecode.swift; path = SimplePhotosApp.swift; sourceTree = "<group>"; };
		91901D002AF953BE00EE76E1 /* ContentView.swift */ = {isa = PBXFileReference; lastKnownFileType = sourcecode.swift; path = ContentView.swift; sourceTree = "<group>"; };
		91901D022AF953C000EE76E1 /* Assets.xcassets */ = {isa = PBXFileReference; lastKnownFileType = folder.assetcatalog; path = Assets.xcassets; sourceTree = "<group>"; };
		91901D052AF953C000EE76E1 /* Preview Assets.xcassets */ = {isa = PBXFileReference; lastKnownFileType = folder.assetcatalog; path = "Preview Assets.xcassets"; sourceTree = "<group>"; };
		91901D072AF953C000EE76E1 /* SimplePhotos.entitlements */ = {isa = PBXFileReference; lastKnownFileType = text.plist.entitlements; path = SimplePhotos.entitlements; sourceTree = "<group>"; };
		91901D0D2AFAA5BD00EE76E1 /* Photo.swift */ = {isa = PBXFileReference; lastKnownFileType = sourcecode.swift; path = Photo.swift; sourceTree = "<group>"; };
		91901D0F2AFAA65500EE76E1 /* ApiCall.swift */ = {isa = PBXFileReference; lastKnownFileType = sourcecode.swift; path = ApiCall.swift; sourceTree = "<group>"; };
		919280052AFAB0E100EE3FD7 /* PhotoView.swift */ = {isa = PBXFileReference; lastKnownFileType = sourcecode.swift; path = PhotoView.swift; sourceTree = "<group>"; };
/* End PBXFileReference section */

/* Begin PBXFrameworksBuildPhase section */
		91901CF82AF953BE00EE76E1 /* Frameworks */ = {
			isa = PBXFrameworksBuildPhase;
			buildActionMask = 2147483647;
			files = (
			);
			runOnlyForDeploymentPostprocessing = 0;
		};
/* End PBXFrameworksBuildPhase section */

/* Begin PBXGroup section */
		91901CF22AF953BE00EE76E1 = {
			isa = PBXGroup;
			children = (
				91901CFD2AF953BE00EE76E1 /* SimplePhotos */,
				91901CFC2AF953BE00EE76E1 /* Products */,
			);
			sourceTree = "<group>";
		};
		91901CFC2AF953BE00EE76E1 /* Products */ = {
			isa = PBXGroup;
			children = (
				91901CFB2AF953BE00EE76E1 /* SimplePhotos.app */,
			);
			name = Products;
			sourceTree = "<group>";
		};
		91901CFD2AF953BE00EE76E1 /* SimplePhotos */ = {
			isa = PBXGroup;
			children = (
				91901CFE2AF953BE00EE76E1 /* SimplePhotosApp.swift */,
				919280052AFAB0E100EE3FD7 /* PhotoView.swift */,
				91901D002AF953BE00EE76E1 /* ContentView.swift */,
				91901D0D2AFAA5BD00EE76E1 /* Photo.swift */,
				91901D0F2AFAA65500EE76E1 /* ApiCall.swift */,
				91901D022AF953C000EE76E1 /* Assets.xcassets */,
				91901D072AF953C000EE76E1 /* SimplePhotos.entitlements */,
				91901D042AF953C000EE76E1 /* Preview Content */,
			);
			path = SimplePhotos;
			sourceTree = "<group>";
		};
		91901D042AF953C000EE76E1 /* Preview Content */ = {
			isa = PBXGroup;
			children = (
				91901D052AF953C000EE76E1 /* Preview Assets.xcassets */,
			);
			path = "Preview Content";
			sourceTree = "<group>";
		};
/* End PBXGroup section */

/* Begin PBXNativeTarget section */
		91901CFA2AF953BE00EE76E1 /* SimplePhotos */ = {
			isa = PBXNativeTarget;
			buildConfigurationList = 91901D0A2AF953C000EE76E1 /* Build configuration list for PBXNativeTarget "SimplePhotos" */;
			buildPhases = (
				91901CF72AF953BE00EE76E1 /* Sources */,
				91901CF82AF953BE00EE76E1 /* Frameworks */,
				91901CF92AF953BE00EE76E1 /* Resources */,
			);
			buildRules = (
			);
			dependencies = (
			);
			name = SimplePhotos;
			productName = SimplePhotos;
			productReference = 91901CFB2AF953BE00EE76E1 /* SimplePhotos.app */;
			productType = "com.apple.product-type.application";
		};
/* End PBXNativeTarget section */

/* Begin PBXProject section */
		91901CF32AF953BE00EE76E1 /* Project object */ = {
			isa = PBXProject;
			attributes = {
				BuildIndependentTargetsInParallel = 1;
				LastSwiftUpdateCheck = 1500;
				LastUpgradeCheck = 1500;
				TargetAttributes = {
					91901CFA2AF953BE00EE76E1 = {
						CreatedOnToolsVersion = 15.0.1;
					};
				};
			};
			buildConfigurationList = 91901CF62AF953BE00EE76E1 /* Build configuration list for PBXProject "SimplePhotos" */;
			compatibilityVersion = "Xcode 14.0";
			developmentRegion = en;
			hasScannedForEncodings = 0;
			knownRegions = (
				en,
				Base,
			);
			mainGroup = 91901CF22AF953BE00EE76E1;
			productRefGroup = 91901CFC2AF953BE00EE76E1 /* Products */;
			projectDirPath = "";
			projectRoot = "";
			targets = (
				91901CFA2AF953BE00EE76E1 /* SimplePhotos */,
			);
		};
/* End PBXProject section */

/* Begin PBXResourcesBuildPhase section */
		91901CF92AF953BE00EE76E1 /* Resources */ = {
			isa = PBXResourcesBuildPhase;
			buildActionMask = 2147483647;
			files = (
				91901D062AF953C000EE76E1 /* Preview Assets.xcassets in Resources */,
				91901D032AF953C000EE76E1 /* Assets.xcassets in Resources */,
			);
			runOnlyForDeploymentPostprocessing = 0;
		};
/* End PBXResourcesBuildPhase section */

/* Begin PBXSourcesBuildPhase section */
		91901CF72AF953BE00EE76E1 /* Sources */ = {
			isa = PBXSourcesBuildPhase;
			buildActionMask = 2147483647;
			files = (
				91901D0E2AFAA5BD00EE76E1 /* Photo.swift in Sources */,
				91901D012AF953BE00EE76E1 /* ContentView.swift in Sources */,
				91901D102AFAA65500EE76E1 /* ApiCall.swift in Sources */,
				919280062AFAB0E100EE3FD7 /* PhotoView.swift in Sources */,
				91901CFF2AF953BE00EE76E1 /* SimplePhotosApp.swift in Sources */,
			);
			runOnlyForDeploymentPostprocessing = 0;
		};
/* End PBXSourcesBuildPhase section */

/* Begin XCBuildConfiguration section */
		91901D082AF953C000EE76E1 /* Debug */ = {
			isa = XCBuildConfiguration;
			buildSettings = {
				ALWAYS_SEARCH_USER_PATHS = NO;
				ASSETCATALOG_COMPILER_GENERATE_SWIFT_ASSET_SYMBOL_EXTENSIONS = YES;
				CLANG_ANALYZER_NONNULL = YES;
				CLANG_ANALYZER_NUMBER_OBJECT_CONVERSION = YES_AGGRESSIVE;
				CLANG_CXX_LANGUAGE_STANDARD = "gnu++20";
				CLANG_ENABLE_MODULES = YES;
				CLANG_ENABLE_OBJC_ARC = YES;
				CLANG_ENABLE_OBJC_WEAK = YES;
				CLANG_WARN_BLOCK_CAPTURE_AUTORELEASING = YES;
				CLANG_WARN_BOOL_CONVERSION = YES;
				CLANG_WARN_COMMA = YES;
				CLANG_WARN_CONSTANT_CONVERSION = YES;
				CLANG_WARN_DEPRECATED_OBJC_IMPLEMENTATIONS = YES;
				CLANG_WARN_DIRECT_OBJC_ISA_USAGE = YES_ERROR;
				CLANG_WARN_DOCUMENTATION_COMMENTS = YES;
				CLANG_WARN_EMPTY_BODY = YES;
				CLANG_WARN_ENUM_CONVERSION = YES;
				CLANG_WARN_INFINITE_RECURSION = YES;
				CLANG_WARN_INT_CONVERSION = YES;
				CLANG_WARN_NON_LITERAL_NULL_CONVERSION = YES;
				CLANG_WARN_OBJC_IMPLICIT_RETAIN_SELF = YES;
				CLANG_WARN_OBJC_LITERAL_CONVERSION = YES;
				CLANG_WARN_OBJC_ROOT_CLASS = YES_ERROR;
				CLANG_WARN_QUOTED_INCLUDE_IN_FRAMEWORK_HEADER = YES;
				CLANG_WARN_RANGE_LOOP_ANALYSIS = YES;
				CLANG_WARN_STRICT_PROTOTYPES = YES;
				CLANG_WARN_SUSPICIOUS_MOVE = YES;
				CLANG_WARN_UNGUARDED_AVAILABILITY = YES_AGGRESSIVE;
				CLANG_WARN_UNREACHABLE_CODE = YES;
				CLANG_WARN__DUPLICATE_METHOD_MATCH = YES;
				COPY_PHASE_STRIP = NO;
				DEBUG_INFORMATION_FORMAT = dwarf;
				ENABLE_STRICT_OBJC_MSGSEND = YES;
				ENABLE_TESTABILITY = YES;
				ENABLE_USER_SCRIPT_SANDBOXING = YES;
				GCC_C_LANGUAGE_STANDARD = gnu17;
				GCC_DYNAMIC_NO_PIC = NO;
				GCC_NO_COMMON_BLOCKS = YES;
				GCC_OPTIMIZATION_LEVEL = 0;
				GCC_PREPROCESSOR_DEFINITIONS = (
					"DEBUG=1",
					"$(inherited)",
				);
				GCC_WARN_64_TO_32_BIT_CONVERSION = YES;
				GCC_WARN_ABOUT_RETURN_TYPE = YES_ERROR;
				GCC_WARN_UNDECLARED_SELECTOR = YES;
				GCC_WARN_UNINITIALIZED_AUTOS = YES_AGGRESSIVE;
				GCC_WARN_UNUSED_FUNCTION = YES;
				GCC_WARN_UNUSED_VARIABLE = YES;
				LOCALIZATION_PREFERS_STRING_CATALOGS = YES;
				MACOSX_DEPLOYMENT_TARGET = 14.0;
				MTL_ENABLE_DEBUG_INFO = INCLUDE_SOURCE;
				MTL_FAST_MATH = YES;
				ONLY_ACTIVE_ARCH = YES;
				SDKROOT = macosx;
				SWIFT_ACTIVE_COMPILATION_CONDITIONS = "DEBUG $(inherited)";
				SWIFT_OPTIMIZATION_LEVEL = "-Onone";
			};
			name = Debug;
		};
		91901D092AF953C000EE76E1 /* Release */ = {
			isa = XCBuildConfiguration;
			buildSettings = {
				ALWAYS_SEARCH_USER_PATHS = NO;
				ASSETCATALOG_COMPILER_GENERATE_SWIFT_ASSET_SYMBOL_EXTENSIONS = YES;
				CLANG_ANALYZER_NONNULL = YES;
				CLANG_ANALYZER_NUMBER_OBJECT_CONVERSION = YES_AGGRESSIVE;
				CLANG_CXX_LANGUAGE_STANDARD = "gnu++20";
				CLANG_ENABLE_MODULES = YES;
				CLANG_ENABLE_OBJC_ARC = YES;
				CLANG_ENABLE_OBJC_WEAK = YES;
				CLANG_WARN_BLOCK_CAPTURE_AUTORELEASING = YES;
				CLANG_WARN_BOOL_CONVERSION = YES;
				CLANG_WARN_COMMA = YES;
				CLANG_WARN_CONSTANT_CONVERSION = YES;
				CLANG_WARN_DEPRECATED_OBJC_IMPLEMENTATIONS = YES;
				CLANG_WARN_DIRECT_OBJC_ISA_USAGE = YES_ERROR;
				CLANG_WARN_DOCUMENTATION_COMMENTS = YES;
				CLANG_WARN_EMPTY_BODY = YES;
				CLANG_WARN_ENUM_CONVERSION = YES;
				CLANG_WARN_INFINITE_RECURSION = YES;
				CLANG_WARN_INT_CONVERSION = YES;
				CLANG_WARN_NON_LITERAL_NULL_CONVERSION = YES;
				CLANG_WARN_OBJC_IMPLICIT_RETAIN_SELF = YES;
				CLANG_WARN_OBJC_LITERAL_CONVERSION = YES;
				CLANG_WARN_OBJC_ROOT_CLASS = YES_ERROR;
				CLANG_WARN_QUOTED_INCLUDE_IN_FRAMEWORK_HEADER = YES;
				CLANG_WARN_RANGE_LOOP_ANALYSIS = YES;
				CLANG_WARN_STRICT_PROTOTYPES = YES;
				CLANG_WARN_SUSPICIOUS_MOVE = YES;
				CLANG_WARN_UNGUARDED_AVAILABILITY = YES_AGGRESSIVE;
				CLANG_WARN_UNREACHABLE_CODE = YES;
				CLANG_WARN__DUPLICATE_METHOD_MATCH = YES;
				COPY_PHASE_STRIP = NO;
				DEBUG_INFORMATION_FORMAT = "dwarf-with-dsym";
				ENABLE_NS_ASSERTIONS = NO;
				ENABLE_STRICT_OBJC_MSGSEND = YES;
				ENABLE_USER_SCRIPT_SANDBOXING = YES;
				GCC_C_LANGUAGE_STANDARD = gnu17;
				GCC_NO_COMMON_BLOCKS = YES;
				GCC_WARN_64_TO_32_BIT_CONVERSION = YES;
				GCC_WARN_ABOUT_RETURN_TYPE = YES_ERROR;
				GCC_WARN_UNDECLARED_SELECTOR = YES;
				GCC_WARN_UNINITIALIZED_AUTOS = YES_AGGRESSIVE;
				GCC_WARN_UNUSED_FUNCTION = YES;
				GCC_WARN_UNUSED_VARIABLE = YES;
				LOCALIZATION_PREFERS_STRING_CATALOGS = YES;
				MACOSX_DEPLOYMENT_TARGET = 14.0;
				MTL_ENABLE_DEBUG_INFO = NO;
				MTL_FAST_MATH = YES;
				SDKROOT = macosx;
				SWIFT_COMPILATION_MODE = wholemodule;
			};
			name = Release;
		};
		91901D0B2AF953C000EE76E1 /* Debug */ = {
			isa = XCBuildConfiguration;
			buildSettings = {
				ASSETCATALOG_COMPILER_APPICON_NAME = AppIcon;
				ASSETCATALOG_COMPILER_GLOBAL_ACCENT_COLOR_NAME = AccentColor;
				CODE_SIGN_ENTITLEMENTS = SimplePhotos/SimplePhotos.entitlements;
				CODE_SIGN_STYLE = Automatic;
				COMBINE_HIDPI_IMAGES = YES;
				CURRENT_PROJECT_VERSION = 1;
				DEVELOPMENT_ASSET_PATHS = "\"SimplePhotos/Preview Content\"";
				DEVELOPMENT_TEAM = 5W6R39BDA5;
				ENABLE_HARDENED_RUNTIME = YES;
				ENABLE_PREVIEWS = YES;
				GENERATE_INFOPLIST_FILE = YES;
				INFOPLIST_KEY_NSHumanReadableCopyright = "";
				LD_RUNPATH_SEARCH_PATHS = (
					"$(inherited)",
					"@executable_path/../Frameworks",
				);
				MARKETING_VERSION = 1.0;
				PRODUCT_BUNDLE_IDENTIFIER = com.hueglisoft.SimplePhotos;
				PRODUCT_NAME = "$(TARGET_NAME)";
				SWIFT_EMIT_LOC_STRINGS = YES;
				SWIFT_VERSION = 5.0;
			};
			name = Debug;
		};
		91901D0C2AF953C000EE76E1 /* Release */ = {
			isa = XCBuildConfiguration;
			buildSettings = {
				ASSETCATALOG_COMPILER_APPICON_NAME = AppIcon;
				ASSETCATALOG_COMPILER_GLOBAL_ACCENT_COLOR_NAME = AccentColor;
				CODE_SIGN_ENTITLEMENTS = SimplePhotos/SimplePhotos.entitlements;
				CODE_SIGN_STYLE = Automatic;
				COMBINE_HIDPI_IMAGES = YES;
				CURRENT_PROJECT_VERSION = 1;
				DEVELOPMENT_ASSET_PATHS = "\"SimplePhotos/Preview Content\"";
				DEVELOPMENT_TEAM = 5W6R39BDA5;
				ENABLE_HARDENED_RUNTIME = YES;
				ENABLE_PREVIEWS = YES;
				GENERATE_INFOPLIST_FILE = YES;
				INFOPLIST_KEY_NSHumanReadableCopyright = "";
				LD_RUNPATH_SEARCH_PATHS = (
					"$(inherited)",
					"@executable_path/../Frameworks",
				);
				MARKETING_VERSION = 1.0;
				PRODUCT_BUNDLE_IDENTIFIER = com.hueglisoft.SimplePhotos;
				PRODUCT_NAME = "$(TARGET_NAME)";
				SWIFT_EMIT_LOC_STRINGS = YES;
				SWIFT_VERSION = 5.0;
			};
			name = Release;
		};
/* End XCBuildConfiguration section */

/* Begin XCConfigurationList section */
		91901CF62AF953BE00EE76E1 /* Build configuration list for PBXProject "SimplePhotos" */ = {
			isa = XCConfigurationList;
			buildConfigurations = (
				91901D082AF953C000EE76E1 /* Debug */,
				91901D092AF953C000EE76E1 /* Release */,
			);
			defaultConfigurationIsVisible = 0;
			defaultConfigurationName = Release;
		};
		91901D0A2AF953C000EE76E1 /* Build configuration list for PBXNativeTarget "SimplePhotos" */ = {
			isa = XCConfigurationList;
			buildConfigurations = (
				91901D0B2AF953C000EE76E1 /* Debug */,
				91901D0C2AF953C000EE76E1 /* Release */,
			);
			defaultConfigurationIsVisible = 0;
			defaultConfigurationName = Release;
		};
/* End XCConfigurationList section */
	};
	rootObject = 91901CF32AF953BE00EE76E1 /* Project object */;
}
